// !$*UTF8*$!
{
	archiveVersion = 1;
	classes = {
	};
	objectVersion = 50;
	objects = {

/* Begin PBXBuildFile section */
		BB45413C243A483B0093D43E /* AppDelegate.swift in Sources */ = {isa = PBXBuildFile; fileRef = BB45413B243A483B0093D43E /* AppDelegate.swift */; };
		BB454140243A483B0093D43E /* ViewController.swift in Sources */ = {isa = PBXBuildFile; fileRef = BB45413F243A483B0093D43E /* ViewController.swift */; };
		BB454143243A483B0093D43E /* Main.storyboard in Resources */ = {isa = PBXBuildFile; fileRef = BB454141243A483B0093D43E /* Main.storyboard */; };
		BB454145243A483C0093D43E /* Assets.xcassets in Resources */ = {isa = PBXBuildFile; fileRef = BB454144243A483C0093D43E /* Assets.xcassets */; };
		BB454148243A483C0093D43E /* LaunchScreen.storyboard in Resources */ = {isa = PBXBuildFile; fileRef = BB454146243A483C0093D43E /* LaunchScreen.storyboard */; };
		BB454157243A48B90093D43E /* URLConnectionInjector.m in Sources */ = {isa = PBXBuildFile; fileRef = BB454151243A48B90093D43E /* URLConnectionInjector.m */; };
		BB454158243A48B90093D43E /* MPDebug.swift in Sources */ = {isa = PBXBuildFile; fileRef = BB454153243A48B90093D43E /* MPDebug.swift */; };
		BB454159243A48B90093D43E /* URLSessionInjector.m in Sources */ = {isa = PBXBuildFile; fileRef = BB454154243A48B90093D43E /* URLSessionInjector.m */; };
		BB45415A243A48B90093D43E /* DataResponseParser.swift in Sources */ = {isa = PBXBuildFile; fileRef = BB454155243A48B90093D43E /* DataResponseParser.swift */; };
/* End PBXBuildFile section */

/* Begin PBXFileReference section */
		BB454138243A483B0093D43E /* MPDebug.app */ = {isa = PBXFileReference; explicitFileType = wrapper.application; includeInIndex = 0; path = MPDebug.app; sourceTree = BUILT_PRODUCTS_DIR; };
		BB45413B243A483B0093D43E /* AppDelegate.swift */ = {isa = PBXFileReference; lastKnownFileType = sourcecode.swift; path = AppDelegate.swift; sourceTree = "<group>"; };
		BB45413F243A483B0093D43E /* ViewController.swift */ = {isa = PBXFileReference; lastKnownFileType = sourcecode.swift; path = ViewController.swift; sourceTree = "<group>"; };
		BB454142243A483B0093D43E /* Base */ = {isa = PBXFileReference; lastKnownFileType = file.storyboard; name = Base; path = Base.lproj/Main.storyboard; sourceTree = "<group>"; };
		BB454144243A483C0093D43E /* Assets.xcassets */ = {isa = PBXFileReference; lastKnownFileType = folder.assetcatalog; path = Assets.xcassets; sourceTree = "<group>"; };
		BB454147243A483C0093D43E /* Base */ = {isa = PBXFileReference; lastKnownFileType = file.storyboard; name = Base; path = Base.lproj/LaunchScreen.storyboard; sourceTree = "<group>"; };
		BB454149243A483C0093D43E /* Info.plist */ = {isa = PBXFileReference; lastKnownFileType = text.plist.xml; path = Info.plist; sourceTree = "<group>"; };
		BB454150243A48B80093D43E /* MPDebug-Bridging-Header.h */ = {isa = PBXFileReference; lastKnownFileType = sourcecode.c.h; path = "MPDebug-Bridging-Header.h"; sourceTree = "<group>"; };
		BB454151243A48B90093D43E /* URLConnectionInjector.m */ = {isa = PBXFileReference; fileEncoding = 4; lastKnownFileType = sourcecode.c.objc; path = URLConnectionInjector.m; sourceTree = "<group>"; };
		BB454152243A48B90093D43E /* URLSessionInjector.h */ = {isa = PBXFileReference; fileEncoding = 4; lastKnownFileType = sourcecode.c.h; path = URLSessionInjector.h; sourceTree = "<group>"; };
		BB454153243A48B90093D43E /* MPDebug.swift */ = {isa = PBXFileReference; fileEncoding = 4; lastKnownFileType = sourcecode.swift; path = MPDebug.swift; sourceTree = "<group>"; };
		BB454154243A48B90093D43E /* URLSessionInjector.m */ = {isa = PBXFileReference; fileEncoding = 4; lastKnownFileType = sourcecode.c.objc; path = URLSessionInjector.m; sourceTree = "<group>"; };
		BB454155243A48B90093D43E /* DataResponseParser.swift */ = {isa = PBXFileReference; fileEncoding = 4; lastKnownFileType = sourcecode.swift; path = DataResponseParser.swift; sourceTree = "<group>"; };
		BB454156243A48B90093D43E /* URLConnectionInjector.h */ = {isa = PBXFileReference; fileEncoding = 4; lastKnownFileType = sourcecode.c.h; path = URLConnectionInjector.h; sourceTree = "<group>"; };
/* End PBXFileReference section */

/* Begin PBXFrameworksBuildPhase section */
		BB454135243A483B0093D43E /* Frameworks */ = {
			isa = PBXFrameworksBuildPhase;
			buildActionMask = 2147483647;
			files = (
			);
			runOnlyForDeploymentPostprocessing = 0;
		};
/* End PBXFrameworksBuildPhase section */

/* Begin PBXGroup section */
		BB45412F243A483B0093D43E = {
			isa = PBXGroup;
			children = (
				BB45413A243A483B0093D43E /* MPDebug */,
				BB454139243A483B0093D43E /* Products */,
			);
			sourceTree = "<group>";
		};
		BB454139243A483B0093D43E /* Products */ = {
			isa = PBXGroup;
			children = (
				BB454138243A483B0093D43E /* MPDebug.app */,
			);
			name = Products;
			sourceTree = "<group>";
		};
		BB45413A243A483B0093D43E /* MPDebug */ = {
			isa = PBXGroup;
			children = (
				BB45414F243A487E0093D43E /* Sources */,
				BB45413B243A483B0093D43E /* AppDelegate.swift */,
				BB45413F243A483B0093D43E /* ViewController.swift */,
				BB454141243A483B0093D43E /* Main.storyboard */,
				BB454144243A483C0093D43E /* Assets.xcassets */,
				BB454146243A483C0093D43E /* LaunchScreen.storyboard */,
				BB454150243A48B80093D43E /* MPDebug-Bridging-Header.h */,
				BB454149243A483C0093D43E /* Info.plist */,
			);
			path = MPDebug;
			sourceTree = "<group>";
		};
		BB45414F243A487E0093D43E /* Sources */ = {
			isa = PBXGroup;
			children = (
				BB454155243A48B90093D43E /* DataResponseParser.swift */,
				BB454153243A48B90093D43E /* MPDebug.swift */,
				BB454156243A48B90093D43E /* URLConnectionInjector.h */,
				BB454151243A48B90093D43E /* URLConnectionInjector.m */,
				BB454152243A48B90093D43E /* URLSessionInjector.h */,
				BB454154243A48B90093D43E /* URLSessionInjector.m */,
			);
			path = Sources;
			sourceTree = "<group>";
		};
/* End PBXGroup section */

/* Begin PBXNativeTarget section */
		BB454137243A483B0093D43E /* MPDebug */ = {
			isa = PBXNativeTarget;
			buildConfigurationList = BB45414C243A483C0093D43E /* Build configuration list for PBXNativeTarget "MPDebug" */;
			buildPhases = (
				BB454134243A483B0093D43E /* Sources */,
				BB454135243A483B0093D43E /* Frameworks */,
				BB454136243A483B0093D43E /* Resources */,
			);
			buildRules = (
			);
			dependencies = (
			);
			name = MPDebug;
			productName = MPDebug;
			productReference = BB454138243A483B0093D43E /* MPDebug.app */;
			productType = "com.apple.product-type.application";
		};
/* End PBXNativeTarget section */

/* Begin PBXProject section */
		BB454130243A483B0093D43E /* Project object */ = {
			isa = PBXProject;
			attributes = {
				LastSwiftUpdateCheck = 1140;
				LastUpgradeCheck = 1140;
				ORGANIZATIONNAME = "Manh Pham";
				TargetAttributes = {
					BB454137243A483B0093D43E = {
						CreatedOnToolsVersion = 11.4;
						LastSwiftMigration = 1140;
					};
				};
			};
			buildConfigurationList = BB454133243A483B0093D43E /* Build configuration list for PBXProject "MPDebug" */;
			compatibilityVersion = "Xcode 9.3";
			developmentRegion = en;
			hasScannedForEncodings = 0;
			knownRegions = (
				en,
				Base,
			);
			mainGroup = BB45412F243A483B0093D43E;
			productRefGroup = BB454139243A483B0093D43E /* Products */;
			projectDirPath = "";
			projectRoot = "";
			targets = (
				BB454137243A483B0093D43E /* MPDebug */,
			);
		};
/* End PBXProject section */

/* Begin PBXResourcesBuildPhase section */
		BB454136243A483B0093D43E /* Resources */ = {
			isa = PBXResourcesBuildPhase;
			buildActionMask = 2147483647;
			files = (
				BB454148243A483C0093D43E /* LaunchScreen.storyboard in Resources */,
				BB454145243A483C0093D43E /* Assets.xcassets in Resources */,
				BB454143243A483B0093D43E /* Main.storyboard in Resources */,
			);
			runOnlyForDeploymentPostprocessing = 0;
		};
/* End PBXResourcesBuildPhase section */

/* Begin PBXSourcesBuildPhase section */
		BB454134243A483B0093D43E /* Sources */ = {
			isa = PBXSourcesBuildPhase;
			buildActionMask = 2147483647;
			files = (
				BB454159243A48B90093D43E /* URLSessionInjector.m in Sources */,
				BB45415A243A48B90093D43E /* DataResponseParser.swift in Sources */,
				BB454157243A48B90093D43E /* URLConnectionInjector.m in Sources */,
				BB454158243A48B90093D43E /* MPDebug.swift in Sources */,
				BB454140243A483B0093D43E /* ViewController.swift in Sources */,
				BB45413C243A483B0093D43E /* AppDelegate.swift in Sources */,
			);
			runOnlyForDeploymentPostprocessing = 0;
		};
/* End PBXSourcesBuildPhase section */

/* Begin PBXVariantGroup section */
		BB454141243A483B0093D43E /* Main.storyboard */ = {
			isa = PBXVariantGroup;
			children = (
				BB454142243A483B0093D43E /* Base */,
			);
			name = Main.storyboard;
			sourceTree = "<group>";
		};
		BB454146243A483C0093D43E /* LaunchScreen.storyboard */ = {
			isa = PBXVariantGroup;
			children = (
				BB454147243A483C0093D43E /* Base */,
			);
			name = LaunchScreen.storyboard;
			sourceTree = "<group>";
		};
/* End PBXVariantGroup section */

/* Begin XCBuildConfiguration section */
		BB45414A243A483C0093D43E /* Debug */ = {
			isa = XCBuildConfiguration;
			buildSettings = {
				ALWAYS_SEARCH_USER_PATHS = NO;
				CLANG_ANALYZER_NONNULL = YES;
				CLANG_ANALYZER_NUMBER_OBJECT_CONVERSION = YES_AGGRESSIVE;
				CLANG_CXX_LANGUAGE_STANDARD = "gnu++14";
				CLANG_CXX_LIBRARY = "libc++";
				CLANG_ENABLE_MODULES = YES;
				CLANG_ENABLE_OBJC_ARC = YES;
				CLANG_ENABLE_OBJC_WEAK = YES;
				CLANG_WARN_BLOCK_CAPTURE_AUTORELEASING = YES;
				CLANG_WARN_BOOL_CONVERSION = YES;
				CLANG_WARN_COMMA = YES;
				CLANG_WARN_CONSTANT_CONVERSION = YES;
				CLANG_WARN_DEPRECATED_OBJC_IMPLEMENTATIONS = YES;
				CLANG_WARN_DIRECT_OBJC_ISA_USAGE = YES_ERROR;
				CLANG_WARN_DOCUMENTATION_COMMENTS = YES;
				CLANG_WARN_EMPTY_BODY = YES;
				CLANG_WARN_ENUM_CONVERSION = YES;
				CLANG_WARN_INFINITE_RECURSION = YES;
				CLANG_WARN_INT_CONVERSION = YES;
				CLANG_WARN_NON_LITERAL_NULL_CONVERSION = YES;
				CLANG_WARN_OBJC_IMPLICIT_RETAIN_SELF = YES;
				CLANG_WARN_OBJC_LITERAL_CONVERSION = YES;
				CLANG_WARN_OBJC_ROOT_CLASS = YES_ERROR;
				CLANG_WARN_RANGE_LOOP_ANALYSIS = YES;
				CLANG_WARN_STRICT_PROTOTYPES = YES;
				CLANG_WARN_SUSPICIOUS_MOVE = YES;
				CLANG_WARN_UNGUARDED_AVAILABILITY = YES_AGGRESSIVE;
				CLANG_WARN_UNREACHABLE_CODE = YES;
				CLANG_WARN__DUPLICATE_METHOD_MATCH = YES;
				COPY_PHASE_STRIP = NO;
				DEBUG_INFORMATION_FORMAT = dwarf;
				ENABLE_STRICT_OBJC_MSGSEND = YES;
				ENABLE_TESTABILITY = YES;
				GCC_C_LANGUAGE_STANDARD = gnu11;
				GCC_DYNAMIC_NO_PIC = NO;
				GCC_NO_COMMON_BLOCKS = YES;
				GCC_OPTIMIZATION_LEVEL = 0;
				GCC_PREPROCESSOR_DEFINITIONS = (
					"DEBUG=1",
					"$(inherited)",
				);
				GCC_WARN_64_TO_32_BIT_CONVERSION = YES;
				GCC_WARN_ABOUT_RETURN_TYPE = YES_ERROR;
				GCC_WARN_UNDECLARED_SELECTOR = YES;
				GCC_WARN_UNINITIALIZED_AUTOS = YES_AGGRESSIVE;
				GCC_WARN_UNUSED_FUNCTION = YES;
				GCC_WARN_UNUSED_VARIABLE = YES;
				IPHONEOS_DEPLOYMENT_TARGET = 13.4;
				MTL_ENABLE_DEBUG_INFO = INCLUDE_SOURCE;
				MTL_FAST_MATH = YES;
				ONLY_ACTIVE_ARCH = YES;
				SDKROOT = iphoneos;
				SWIFT_ACTIVE_COMPILATION_CONDITIONS = DEBUG;
				SWIFT_OPTIMIZATION_LEVEL = "-Onone";
			};
			name = Debug;
		};
		BB45414B243A483C0093D43E /* Release */ = {
			isa = XCBuildConfiguration;
			buildSettings = {
				ALWAYS_SEARCH_USER_PATHS = NO;
				CLANG_ANALYZER_NONNULL = YES;
				CLANG_ANALYZER_NUMBER_OBJECT_CONVERSION = YES_AGGRESSIVE;
				CLANG_CXX_LANGUAGE_STANDARD = "gnu++14";
				CLANG_CXX_LIBRARY = "libc++";
				CLANG_ENABLE_MODULES = YES;
				CLANG_ENABLE_OBJC_ARC = YES;
				CLANG_ENABLE_OBJC_WEAK = YES;
				CLANG_WARN_BLOCK_CAPTURE_AUTORELEASING = YES;
				CLANG_WARN_BOOL_CONVERSION = YES;
				CLANG_WARN_COMMA = YES;
				CLANG_WARN_CONSTANT_CONVERSION = YES;
				CLANG_WARN_DEPRECATED_OBJC_IMPLEMENTATIONS = YES;
				CLANG_WARN_DIRECT_OBJC_ISA_USAGE = YES_ERROR;
				CLANG_WARN_DOCUMENTATION_COMMENTS = YES;
				CLANG_WARN_EMPTY_BODY = YES;
				CLANG_WARN_ENUM_CONVERSION = YES;
				CLANG_WARN_INFINITE_RECURSION = YES;
				CLANG_WARN_INT_CONVERSION = YES;
				CLANG_WARN_NON_LITERAL_NULL_CONVERSION = YES;
				CLANG_WARN_OBJC_IMPLICIT_RETAIN_SELF = YES;
				CLANG_WARN_OBJC_LITERAL_CONVERSION = YES;
				CLANG_WARN_OBJC_ROOT_CLASS = YES_ERROR;
				CLANG_WARN_RANGE_LOOP_ANALYSIS = YES;
				CLANG_WARN_STRICT_PROTOTYPES = YES;
				CLANG_WARN_SUSPICIOUS_MOVE = YES;
				CLANG_WARN_UNGUARDED_AVAILABILITY = YES_AGGRESSIVE;
				CLANG_WARN_UNREACHABLE_CODE = YES;
				CLANG_WARN__DUPLICATE_METHOD_MATCH = YES;
				COPY_PHASE_STRIP = NO;
				DEBUG_INFORMATION_FORMAT = "dwarf-with-dsym";
				ENABLE_NS_ASSERTIONS = NO;
				ENABLE_STRICT_OBJC_MSGSEND = YES;
				GCC_C_LANGUAGE_STANDARD = gnu11;
				GCC_NO_COMMON_BLOCKS = YES;
				GCC_WARN_64_TO_32_BIT_CONVERSION = YES;
				GCC_WARN_ABOUT_RETURN_TYPE = YES_ERROR;
				GCC_WARN_UNDECLARED_SELECTOR = YES;
				GCC_WARN_UNINITIALIZED_AUTOS = YES_AGGRESSIVE;
				GCC_WARN_UNUSED_FUNCTION = YES;
				GCC_WARN_UNUSED_VARIABLE = YES;
				IPHONEOS_DEPLOYMENT_TARGET = 13.4;
				MTL_ENABLE_DEBUG_INFO = NO;
				MTL_FAST_MATH = YES;
				SDKROOT = iphoneos;
				SWIFT_COMPILATION_MODE = wholemodule;
				SWIFT_OPTIMIZATION_LEVEL = "-O";
				VALIDATE_PRODUCT = YES;
			};
			name = Release;
		};
		BB45414D243A483C0093D43E /* Debug */ = {
			isa = XCBuildConfiguration;
			buildSettings = {
				ASSETCATALOG_COMPILER_APPICON_NAME = AppIcon;
				CLANG_ENABLE_MODULES = YES;
				CODE_SIGN_STYLE = Automatic;
				DEVELOPMENT_TEAM = UPJRMYQ38F;
				INFOPLIST_FILE = MPDebug/Info.plist;
				IPHONEOS_DEPLOYMENT_TARGET = 10.0;
				LD_RUNPATH_SEARCH_PATHS = (
					"$(inherited)",
					"@executable_path/Frameworks",
				);
				PRODUCT_BUNDLE_IDENTIFIER = com.manhpham.MPDebug;
				PRODUCT_NAME = "$(TARGET_NAME)";
				SWIFT_OBJC_BRIDGING_HEADER = "MPDebug/MPDebug-Bridging-Header.h";
				SWIFT_OPTIMIZATION_LEVEL = "-Onone";
				SWIFT_VERSION = 5.0;
				TARGETED_DEVICE_FAMILY = 1;
			};
			name = Debug;
		};
		BB45414E243A483C0093D43E /* Release */ = {
			isa = XCBuildConfiguration;
			buildSettings = {
				ASSETCATALOG_COMPILER_APPICON_NAME = AppIcon;
				CLANG_ENABLE_MODULES = YES;
				CODE_SIGN_STYLE = Automatic;
				DEVELOPMENT_TEAM = UPJRMYQ38F;
				INFOPLIST_FILE = MPDebug/Info.plist;
				IPHONEOS_DEPLOYMENT_TARGET = 10.0;
				LD_RUNPATH_SEARCH_PATHS = (
					"$(inherited)",
					"@executable_path/Frameworks",
				);
				PRODUCT_BUNDLE_IDENTIFIER = com.manhpham.MPDebug;
				PRODUCT_NAME = "$(TARGET_NAME)";
				SWIFT_OBJC_BRIDGING_HEADER = "MPDebug/MPDebug-Bridging-Header.h";
				SWIFT_VERSION = 5.0;
				TARGETED_DEVICE_FAMILY = 1;
			};
			name = Release;
		};
/* End XCBuildConfiguration section */

/* Begin XCConfigurationList section */
		BB454133243A483B0093D43E /* Build configuration list for PBXProject "MPDebug" */ = {
			isa = XCConfigurationList;
			buildConfigurations = (
				BB45414A243A483C0093D43E /* Debug */,
				BB45414B243A483C0093D43E /* Release */,
			);
			defaultConfigurationIsVisible = 0;
			defaultConfigurationName = Release;
		};
		BB45414C243A483C0093D43E /* Build configuration list for PBXNativeTarget "MPDebug" */ = {
			isa = XCConfigurationList;
			buildConfigurations = (
				BB45414D243A483C0093D43E /* Debug */,
				BB45414E243A483C0093D43E /* Release */,
			);
			defaultConfigurationIsVisible = 0;
			defaultConfigurationName = Release;
		};
/* End XCConfigurationList section */
	};
	rootObject = BB454130243A483B0093D43E /* Project object */;
}
